{
  "requires": true,
  "lockfileVersion": 1,
  "dependencies": {
    "axios": {
      "version": "0.15.3",
      "resolved": "https://registry.npmjs.org/axios/-/axios-0.15.3.tgz",
      "integrity": "sha1-LJ1jiy4ZGgjqHWzJiOrda6W9wFM=",
      "requires": {
        "follow-redirects": "1.0.0"
      }
    },
    "debug": {
      "version": "2.6.9",
      "resolved": "https://registry.npmjs.org/debug/-/debug-2.6.9.tgz",
      "integrity": "sha512-bC7ElrdJaJnPbAP+1EotYvqZsb3ecl5wi6Bfi6BJTUcNowp6cvspg0jXznRTKDjm/E7AdgFBVeAPVMNcKGsHMA==",
      "requires": {
        "ms": "2.0.0"
      }
    },
    "deep-equal": {
      "version": "1.0.1",
      "resolved": "https://registry.npmjs.org/deep-equal/-/deep-equal-1.0.1.tgz",
      "integrity": "sha1-9dJgKStmDghO/0zbyfCK0yR0SLU="
    },
    "events": {
      "version": "1.1.1",
      "resolved": "https://registry.npmjs.org/events/-/events-1.1.1.tgz",
      "integrity": "sha1-nr23Y1rQmccNzEwqH1AEKI6L2SQ="
    },
    "fast-json-patch": {
      "version": "2.0.7",
      "resolved": "https://registry.npmjs.org/fast-json-patch/-/fast-json-patch-2.0.7.tgz",
      "integrity": "sha512-DQeoEyPYxdTtfmB3yDlxkLyKTdbJ6ABfFGcMynDqjvGhPYLto/pZyb/dG2Nyd/n9CArjEWN9ZST++AFmgzgbGw==",
      "requires": {
        "deep-equal": "^1.0.1"
      }
    },
    "follow-redirects": {
      "version": "1.0.0",
      "resolved": "https://registry.npmjs.org/follow-redirects/-/follow-redirects-1.0.0.tgz",
      "integrity": "sha1-jjQpjL0uF28lTv/sdaHHjMhJ/Tc=",
      "requires": {
        "debug": "^2.2.0"
      }
    },
    "is-typedarray": {
      "version": "1.0.0",
      "resolved": "https://registry.npmjs.org/is-typedarray/-/is-typedarray-1.0.0.tgz",
      "integrity": "sha1-5HnICFjfDBsR3dppQPlgEfzaSpo="
    },
    "json-patch-ot": {
      "version": "1.0.1",
      "resolved": "https://registry.npmjs.org/json-patch-ot/-/json-patch-ot-1.0.1.tgz",
      "integrity": "sha1-oj2opI1LK3kSZO4thIFoZWZpq3w="
    },
    "json-patch-ot-agent": {
      "version": "2.0.0-rc.0",
      "resolved": "https://registry.npmjs.org/json-patch-ot-agent/-/json-patch-ot-agent-2.0.0-rc.0.tgz",
      "integrity": "sha1-mvC0IXcfg25rv/q40msByBRomVQ=",
      "requires": {
        "json-patch-queue": "3.0.0-rc.0"
      }
    },
    "json-patch-queue": {
      "version": "3.0.0-rc.0",
      "resolved": "https://registry.npmjs.org/json-patch-queue/-/json-patch-queue-3.0.0-rc.0.tgz",
      "integrity": "sha1-D7vLwl7BkojxwaPBUpX7NNfypkY="
    },
    "jsonpatcherproxy": {
      "version": "0.0.9",
      "resolved": "https://registry.npmjs.org/jsonpatcherproxy/-/jsonpatcherproxy-0.0.9.tgz",
      "integrity": "sha1-aPACtofNPA2BNJLa77XLEGLDQB0=",
      "requires": {
        "fast-json-patch": "^2.0.0"
      }
    },
    "ms": {
      "version": "2.0.0",
      "resolved": "https://registry.npmjs.org/ms/-/ms-2.0.0.tgz",
      "integrity": "sha1-VgiurfwAvmwpAd9fmGF4jeDVl8g="
    },
    "nan": {
      "version": "2.12.1",
      "resolved": "https://registry.npmjs.org/nan/-/nan-2.12.1.tgz",
      "integrity": "sha512-JY7V6lRkStKcKTvHO5NVSQRv+RV+FIL5pvDoLiAtSL9pKlC5x9PKQcZDsq7m4FO4d57mkhC6Z+QhAh3Jdk5JFw=="
    },
    "palindrom": {
      "version": "5.1.0",
      "resolved": "https://registry.npmjs.org/palindrom/-/palindrom-5.1.0.tgz",
      "integrity": "sha512-dw4Kp+cq6CLFJCAdLWscrOjQo/BH15VYr4oMdcOwqIQCAxsdJ8jewzIfASJ7z/Gg5xHLePERbP1gvw3rFTLoEA==",
      "requires": {
        "axios": "^0.15.3",
        "events": "^1.1.1",
        "fast-json-patch": "^2.0.5",
        "json-patch-ot": "^1.0.1",
        "json-patch-ot-agent": "2.0.0-rc.0",
        "jsonpatcherproxy": "^0.0.9",
        "url": "^0.11.0",
        "websocket": "^1.0.24"
      }
    },
    "punycode": {
      "version": "1.3.2",
      "resolved": "https://registry.npmjs.org/punycode/-/punycode-1.3.2.tgz",
      "integrity": "sha1-llOgNvt8HuQjQvIyXM7v6jkmxI0="
    },
    "querystring": {
      "version": "0.2.0",
      "resolved": "https://registry.npmjs.org/querystring/-/querystring-0.2.0.tgz",
      "integrity": "sha1-sgmEkgO7Jd+CDadW50cAWHhSFiA="
    },
    "typedarray-to-buffer": {
      "version": "3.1.5",
      "resolved": "https://registry.npmjs.org/typedarray-to-buffer/-/typedarray-to-buffer-3.1.5.tgz",
      "integrity": "sha512-zdu8XMNEDepKKR+XYOXAVPtWui0ly0NtohUscw+UmaHiAWT8hrV1rr//H6V+0DvJ3OQ19S979M0laLfX8rm82Q==",
      "requires": {
        "is-typedarray": "^1.0.0"
      }
    },
    "url": {
      "version": "0.11.0",
      "resolved": "https://registry.npmjs.org/url/-/url-0.11.0.tgz",
      "integrity": "sha1-ODjpfPxgUh63PFJajlW/3Z4uKPE=",
      "requires": {
        "punycode": "1.3.2",
        "querystring": "0.2.0"
      }
    },
    "websocket": {
      "version": "1.0.28",
      "resolved": "https://registry.npmjs.org/websocket/-/websocket-1.0.28.tgz",
      "integrity": "sha512-00y/20/80P7H4bCYkzuuvvfDvh+dgtXi5kzDf3UcZwN6boTYaKvsrtZ5lIYm1Gsg48siMErd9M4zjSYfYFHTrA==",
      "requires": {
        "debug": "^2.2.0",
        "nan": "^2.11.0",
        "typedarray-to-buffer": "^3.1.5",
        "yaeti": "^0.0.6"
      }
    },
    "yaeti": {
      "version": "0.0.6",
      "resolved": "https://registry.npmjs.org/yaeti/-/yaeti-0.0.6.tgz",
      "integrity": "sha1-8m9ITXJoTPQr7ft2lwqhYI+/lXc="
    }
  }
}
